
Microsoft Visual Studio Solution File, Format Version 12.00
# Visual Studio Version 16
VisualStudioVersion = 16.0.31829.152
MinimumVisualStudioVersion = 10.0.40219.1
Project("{FAE04EC0-301F-11D3-BF4B-00C04F79EFBC}") = "MovieApp.Api", "MovieApp.Api\MovieApp.Api.csproj", "{D41FC0EC-0BFB-4457-8C99-9965C9C755BC}"
EndProject
Project("{FAE04EC0-301F-11D3-BF4B-00C04F79EFBC}") = "MovieApp.Business", "MovieApp.Business\MovieApp.Business.csproj", "{7AA29829-5EBF-4744-8FF6-C130D8D1F3B0}"
EndProject
Project("{FAE04EC0-301F-11D3-BF4B-00C04F79EFBC}") = "MovieApp.Data", "MovieApp.Data\MovieApp.Data.csproj", "{C824DDD9-AB72-45D6-9A43-3B0699B7973C}"
EndProject
Project("{FAE04EC0-301F-11D3-BF4B-00C04F79EFBC}") = "MovieApp.DataAccess", "MovieApp.DataAccess\MovieApp.DataAccess.csproj", "{CA56BBCB-0A00-421D-953D-89BC5971354A}"
EndProject
Global
	GlobalSection(SolutionConfigurationPlatforms) = preSolution
		Debug|Any CPU = Debug|Any CPU
		Release|Any CPU = Release|Any CPU
	EndGlobalSection
	GlobalSection(ProjectConfigurationPlatforms) = postSolution
		{D41FC0EC-0BFB-4457-8C99-9965C9C755BC}.Debug|Any CPU.ActiveCfg = Debug|Any CPU
		{D41FC0EC-0BFB-4457-8C99-9965C9C755BC}.Debug|Any CPU.Build.0 = Debug|Any CPU
		{D41FC0EC-0BFB-4457-8C99-9965C9C755BC}.Release|Any CPU.ActiveCfg = Release|Any CPU
		{D41FC0EC-0BFB-4457-8C99-9965C9C755BC}.Release|Any CPU.Build.0 = Release|Any CPU
		{7AA29829-5EBF-4744-8FF6-C130D8D1F3B0}.Debug|Any CPU.ActiveCfg = Debug|Any CPU
		{7AA29829-5EBF-4744-8FF6-C130D8D1F3B0}.Debug|Any CPU.Build.0 = Debug|Any CPU
		{7AA29829-5EBF-4744-8FF6-C130D8D1F3B0}.Release|Any CPU.ActiveCfg = Release|Any CPU
		{7AA29829-5EBF-4744-8FF6-C130D8D1F3B0}.Release|Any CPU.Build.0 = Release|Any CPU
		{C824DDD9-AB72-45D6-9A43-3B0699B7973C}.Debug|Any CPU.ActiveCfg = Debug|Any CPU
		{C824DDD9-AB72-45D6-9A43-3B0699B7973C}.Debug|Any CPU.Build.0 = Debug|Any CPU
		{C824DDD9-AB72-45D6-9A43-3B0699B7973C}.Release|Any CPU.ActiveCfg = Release|Any CPU
		{C824DDD9-AB72-45D6-9A43-3B0699B7973C}.Release|Any CPU.Build.0 = Release|Any CPU
		{CA56BBCB-0A00-421D-953D-89BC5971354A}.Debug|Any CPU.ActiveCfg = Debug|Any CPU
		{CA56BBCB-0A00-421D-953D-89BC5971354A}.Debug|Any CPU.Build.0 = Debug|Any CPU
		{CA56BBCB-0A00-421D-953D-89BC5971354A}.Release|Any CPU.ActiveCfg = Release|Any CPU
		{CA56BBCB-0A00-421D-953D-89BC5971354A}.Release|Any CPU.Build.0 = Release|Any CPU
	EndGlobalSection
	GlobalSection(SolutionProperties) = preSolution
		HideSolutionNode = FALSE
	EndGlobalSection
	GlobalSection(ExtensibilityGlobals) = postSolution
		SolutionGuid = {BD81DB35-7B40-4FC7-8B40-FD258EB79F33}
	EndGlobalSection
EndGlobal
